
Microsoft Visual Studio Solution File, Format Version 11.00
# Visual Studio 2010
Project("{FAE04EC0-301F-11D3-BF4B-00C04F79EFBC}") = "Assembly-CSharp", "Assembly-CSharp.csproj", "{42bd4e58-b3e3-140f-dfc8-398465ad0909}"
EndProject
Project("{FAE04EC0-301F-11D3-BF4B-00C04F79EFBC}") = "Mirror", "Mirror.csproj", "{94fb2b9b-f494-cb16-53a8-b591f4635e15}"
EndProject
Project("{FAE04EC0-301F-11D3-BF4B-00C04F79EFBC}") = "Mirror.Components", "Mirror.Components.csproj", "{6ce14cf0-62cb-67cc-91d1-ca811ebdda16}"
EndProject
Project("{FAE04EC0-301F-11D3-BF4B-00C04F79EFBC}") = "Ninja.WebSockets", "Ninja.WebSockets.csproj", "{28bcaaa8-a881-1fab-9127-116150bc5730}"
EndProject
Project("{FAE04EC0-301F-11D3-BF4B-00C04F79EFBC}") = "Mirror.Examples", "Mirror.Examples.csproj", "{475f10b6-988c-6fa3-4f88-165c4292dda4}"
EndProject
Project("{FAE04EC0-301F-11D3-BF4B-00C04F79EFBC}") = "Mirror.Authenticators", "Mirror.Authenticators.csproj", "{5365ac4f-5c66-7803-45a2-67e1c5a94b23}"
EndProject
Project("{FAE04EC0-301F-11D3-BF4B-00C04F79EFBC}") = "Assembly-CSharp-Editor", "Assembly-CSharp-Editor.csproj", "{10f0f64b-dc32-6d42-497b-8a090a69a3bd}"
EndProject
Project("{FAE04EC0-301F-11D3-BF4B-00C04F79EFBC}") = "Mirror.Weaver", "Mirror.Weaver.csproj", "{06ebc5b2-cffe-cbab-0ceb-d3b830e65884}"
EndProject
Project("{FAE04EC0-301F-11D3-BF4B-00C04F79EFBC}") = "Mirror.Editor", "Mirror.Editor.csproj", "{82c0bc6b-6051-bd7f-25e2-77f0a034a386}"
EndProject
Project("{FAE04EC0-301F-11D3-BF4B-00C04F79EFBC}") = "Mirror.CompilerSymbols", "Mirror.CompilerSymbols.csproj", "{a84032d6-f7fd-20f4-361b-faed94768ac3}"
EndProject
Global
	GlobalSection(SolutionConfigurationPlatforms) = preSolution
		Debug|Any CPU = Debug|Any CPU
		Release|Any CPU = Release|Any CPU
	EndGlobalSection
	GlobalSection(ProjectConfigurationPlatforms) = postSolution
		{42bd4e58-b3e3-140f-dfc8-398465ad0909}.Debug|Any CPU.ActiveCfg = Debug|Any CPU
		{42bd4e58-b3e3-140f-dfc8-398465ad0909}.Debug|Any CPU.Build.0 = Debug|Any CPU
		{42bd4e58-b3e3-140f-dfc8-398465ad0909}.Release|Any CPU.ActiveCfg = Release|Any CPU
		{42bd4e58-b3e3-140f-dfc8-398465ad0909}.Release|Any CPU.Build.0 = Release|Any CPU
		{94fb2b9b-f494-cb16-53a8-b591f4635e15}.Debug|Any CPU.ActiveCfg = Debug|Any CPU
		{94fb2b9b-f494-cb16-53a8-b591f4635e15}.Debug|Any CPU.Build.0 = Debug|Any CPU
		{94fb2b9b-f494-cb16-53a8-b591f4635e15}.Release|Any CPU.ActiveCfg = Release|Any CPU
		{94fb2b9b-f494-cb16-53a8-b591f4635e15}.Release|Any CPU.Build.0 = Release|Any CPU
		{6ce14cf0-62cb-67cc-91d1-ca811ebdda16}.Debug|Any CPU.ActiveCfg = Debug|Any CPU
		{6ce14cf0-62cb-67cc-91d1-ca811ebdda16}.Debug|Any CPU.Build.0 = Debug|Any CPU
		{6ce14cf0-62cb-67cc-91d1-ca811ebdda16}.Release|Any CPU.ActiveCfg = Release|Any CPU
		{6ce14cf0-62cb-67cc-91d1-ca811ebdda16}.Release|Any CPU.Build.0 = Release|Any CPU
		{28bcaaa8-a881-1fab-9127-116150bc5730}.Debug|Any CPU.ActiveCfg = Debug|Any CPU
		{28bcaaa8-a881-1fab-9127-116150bc5730}.Debug|Any CPU.Build.0 = Debug|Any CPU
		{28bcaaa8-a881-1fab-9127-116150bc5730}.Release|Any CPU.ActiveCfg = Release|Any CPU
		{28bcaaa8-a881-1fab-9127-116150bc5730}.Release|Any CPU.Build.0 = Release|Any CPU
		{475f10b6-988c-6fa3-4f88-165c4292dda4}.Debug|Any CPU.ActiveCfg = Debug|Any CPU
		{475f10b6-988c-6fa3-4f88-165c4292dda4}.Debug|Any CPU.Build.0 = Debug|Any CPU
		{475f10b6-988c-6fa3-4f88-165c4292dda4}.Release|Any CPU.ActiveCfg = Release|Any CPU
		{475f10b6-988c-6fa3-4f88-165c4292dda4}.Release|Any CPU.Build.0 = Release|Any CPU
		{5365ac4f-5c66-7803-45a2-67e1c5a94b23}.Debug|Any CPU.ActiveCfg = Debug|Any CPU
		{5365ac4f-5c66-7803-45a2-67e1c5a94b23}.Debug|Any CPU.Build.0 = Debug|Any CPU
		{5365ac4f-5c66-7803-45a2-67e1c5a94b23}.Release|Any CPU.ActiveCfg = Release|Any CPU
		{5365ac4f-5c66-7803-45a2-67e1c5a94b23}.Release|Any CPU.Build.0 = Release|Any CPU
		{10f0f64b-dc32-6d42-497b-8a090a69a3bd}.Debug|Any CPU.ActiveCfg = Debug|Any CPU
		{10f0f64b-dc32-6d42-497b-8a090a69a3bd}.Debug|Any CPU.Build.0 = Debug|Any CPU
		{10f0f64b-dc32-6d42-497b-8a090a69a3bd}.Release|Any CPU.ActiveCfg = Release|Any CPU
		{10f0f64b-dc32-6d42-497b-8a090a69a3bd}.Release|Any CPU.Build.0 = Release|Any CPU
		{06ebc5b2-cffe-cbab-0ceb-d3b830e65884}.Debug|Any CPU.ActiveCfg = Debug|Any CPU
		{06ebc5b2-cffe-cbab-0ceb-d3b830e65884}.Debug|Any CPU.Build.0 = Debug|Any CPU
		{06ebc5b2-cffe-cbab-0ceb-d3b830e65884}.Release|Any CPU.ActiveCfg = Release|Any CPU
		{06ebc5b2-cffe-cbab-0ceb-d3b830e65884}.Release|Any CPU.Build.0 = Release|Any CPU
		{82c0bc6b-6051-bd7f-25e2-77f0a034a386}.Debug|Any CPU.ActiveCfg = Debug|Any CPU
		{82c0bc6b-6051-bd7f-25e2-77f0a034a386}.Debug|Any CPU.Build.0 = Debug|Any CPU
		{82c0bc6b-6051-bd7f-25e2-77f0a034a386}.Release|Any CPU.ActiveCfg = Release|Any CPU
		{82c0bc6b-6051-bd7f-25e2-77f0a034a386}.Release|Any CPU.Build.0 = Release|Any CPU
		{a84032d6-f7fd-20f4-361b-faed94768ac3}.Debug|Any CPU.ActiveCfg = Debug|Any CPU
		{a84032d6-f7fd-20f4-361b-faed94768ac3}.Debug|Any CPU.Build.0 = Debug|Any CPU
		{a84032d6-f7fd-20f4-361b-faed94768ac3}.Release|Any CPU.ActiveCfg = Release|Any CPU
		{a84032d6-f7fd-20f4-361b-faed94768ac3}.Release|Any CPU.Build.0 = Release|Any CPU
	EndGlobalSection
	GlobalSection(SolutionProperties) = preSolution
		HideSolutionNode = FALSE
	EndGlobalSection
EndGlobal
